// !$*UTF8*$!
{
	archiveVersion = 1;
	classes = {
	};
	objectVersion = 56;
	objects = {

/* Begin PBXBuildFile section */
		5427D9982BAC8D9F001959F5 /* FatalErrorViewController.swift in Sources */ = {isa = PBXBuildFile; fileRef = 5427D9972BAC8D9F001959F5 /* FatalErrorViewController.swift */; };
		542985FD2BA9D85E0025CE7B /* EmployeeTableViewCell.swift in Sources */ = {isa = PBXBuildFile; fileRef = 542985FC2BA9D85E0025CE7B /* EmployeeTableViewCell.swift */; };
		542985FF2BA9F3470025CE7B /* EmployeeDetailsScreenViewController.swift in Sources */ = {isa = PBXBuildFile; fileRef = 542985FE2BA9F3470025CE7B /* EmployeeDetailsScreenViewController.swift */; };
		542986012BA9F3570025CE7B /* EmployeeDetailsScreenPresenter.swift in Sources */ = {isa = PBXBuildFile; fileRef = 542986002BA9F3570025CE7B /* EmployeeDetailsScreenPresenter.swift */; };
		542986032BA9F3650025CE7B /* EmployeeDetailsScreenModel.swift in Sources */ = {isa = PBXBuildFile; fileRef = 542986022BA9F3650025CE7B /* EmployeeDetailsScreenModel.swift */; };
		542986062BAAD43E0025CE7B /* FilterBottomSheetViewController.swift in Sources */ = {isa = PBXBuildFile; fileRef = 542986052BAAD43E0025CE7B /* FilterBottomSheetViewController.swift */; };
		542986092BAADC0F0025CE7B /* FilterBottomSheetPresenter.swift in Sources */ = {isa = PBXBuildFile; fileRef = 542986082BAADC0F0025CE7B /* FilterBottomSheetPresenter.swift */; };
		5429860B2BAADC2D0025CE7B /* FilterBottomSheetModel.swift in Sources */ = {isa = PBXBuildFile; fileRef = 5429860A2BAADC2D0025CE7B /* FilterBottomSheetModel.swift */; };
		5429860D2BAAFE070025CE7B /* SortingOptionCell.swift in Sources */ = {isa = PBXBuildFile; fileRef = 5429860C2BAAFE070025CE7B /* SortingOptionCell.swift */; };
		5438A89E2BAD690200C2632E /* SkeletonView in Frameworks */ = {isa = PBXBuildFile; productRef = 5438A89D2BAD690200C2632E /* SkeletonView */; };
		5438A8A12BAD692900C2632E /* SDWebImage in Frameworks */ = {isa = PBXBuildFile; productRef = 5438A8A02BAD692900C2632E /* SDWebImage */; };
		5438A8A32BAD692900C2632E /* SDWebImageMapKit in Frameworks */ = {isa = PBXBuildFile; productRef = 5438A8A22BAD692900C2632E /* SDWebImageMapKit */; };
		545F61102BADB56D008B5CC4 /* SectionHeaderView.swift in Sources */ = {isa = PBXBuildFile; fileRef = 545F610F2BADB56D008B5CC4 /* SectionHeaderView.swift */; };
		54641B0D2BADED2D00776951 /* SnapKit in Frameworks */ = {isa = PBXBuildFile; productRef = 54641B0C2BADED2D00776951 /* SnapKit */; };
		549EF08A2BA978B800C2B77D /* MainScreenViewController.swift in Sources */ = {isa = PBXBuildFile; fileRef = 549EF0892BA978B800C2B77D /* MainScreenViewController.swift */; };
		549EF08C2BA978D800C2B77D /* MainScreenModel.swift in Sources */ = {isa = PBXBuildFile; fileRef = 549EF08B2BA978D800C2B77D /* MainScreenModel.swift */; };
		549EF08E2BA978E700C2B77D /* MainScreenPresenter.swift in Sources */ = {isa = PBXBuildFile; fileRef = 549EF08D2BA978E700C2B77D /* MainScreenPresenter.swift */; };
		54D1D9EF2BADE4C60057E3C8 /* NotFindIView.swift in Sources */ = {isa = PBXBuildFile; fileRef = 54D1D9EE2BADE4C60057E3C8 /* NotFindIView.swift */; };
		54D1D9F22BADE79E0057E3C8 /* AppColors.swift in Sources */ = {isa = PBXBuildFile; fileRef = 54D1D9F12BADE79E0057E3C8 /* AppColors.swift */; };
		54D81FC42BA983AE000300D0 /* DepartmentCell.swift in Sources */ = {isa = PBXBuildFile; fileRef = 54D81FC32BA983AE000300D0 /* DepartmentCell.swift */; };
		54D81FC62BA9C323000300D0 /* NetworkService.swift in Sources */ = {isa = PBXBuildFile; fileRef = 54D81FC52BA9C323000300D0 /* NetworkService.swift */; };
		54D81FC92BA9C4CA000300D0 /* Employee.swift in Sources */ = {isa = PBXBuildFile; fileRef = 54D81FC82BA9C4CA000300D0 /* Employee.swift */; };
		54F47EE72BA96F6600F7F30E /* AppDelegate.swift in Sources */ = {isa = PBXBuildFile; fileRef = 54F47EE62BA96F6600F7F30E /* AppDelegate.swift */; };
		54F47EE92BA96F6600F7F30E /* SceneDelegate.swift in Sources */ = {isa = PBXBuildFile; fileRef = 54F47EE82BA96F6600F7F30E /* SceneDelegate.swift */; };
		54F47EF02BA96F6800F7F30E /* Assets.xcassets in Resources */ = {isa = PBXBuildFile; fileRef = 54F47EEF2BA96F6800F7F30E /* Assets.xcassets */; };
		54F47EF32BA96F6800F7F30E /* LaunchScreen.storyboard in Resources */ = {isa = PBXBuildFile; fileRef = 54F47EF12BA96F6800F7F30E /* LaunchScreen.storyboard */; };
/* End PBXBuildFile section */

/* Begin PBXCopyFilesBuildPhase section */
		54641B112BADEDD700776951 /* Embed Frameworks */ = {
			isa = PBXCopyFilesBuildPhase;
			buildActionMask = 2147483647;
			dstPath = "";
			dstSubfolderSpec = 10;
			files = (
			);
			name = "Embed Frameworks";
			runOnlyForDeploymentPostprocessing = 0;
		};
/* End PBXCopyFilesBuildPhase section */

/* Begin PBXFileReference section */
		5427D9972BAC8D9F001959F5 /* FatalErrorViewController.swift */ = {isa = PBXFileReference; lastKnownFileType = sourcecode.swift; path = FatalErrorViewController.swift; sourceTree = "<group>"; };
		542985FC2BA9D85E0025CE7B /* EmployeeTableViewCell.swift */ = {isa = PBXFileReference; lastKnownFileType = sourcecode.swift; path = EmployeeTableViewCell.swift; sourceTree = "<group>"; };
		542985FE2BA9F3470025CE7B /* EmployeeDetailsScreenViewController.swift */ = {isa = PBXFileReference; lastKnownFileType = sourcecode.swift; path = EmployeeDetailsScreenViewController.swift; sourceTree = "<group>"; };
		542986002BA9F3570025CE7B /* EmployeeDetailsScreenPresenter.swift */ = {isa = PBXFileReference; lastKnownFileType = sourcecode.swift; path = EmployeeDetailsScreenPresenter.swift; sourceTree = "<group>"; };
		542986022BA9F3650025CE7B /* EmployeeDetailsScreenModel.swift */ = {isa = PBXFileReference; lastKnownFileType = sourcecode.swift; path = EmployeeDetailsScreenModel.swift; sourceTree = "<group>"; };
		542986052BAAD43E0025CE7B /* FilterBottomSheetViewController.swift */ = {isa = PBXFileReference; lastKnownFileType = sourcecode.swift; path = FilterBottomSheetViewController.swift; sourceTree = "<group>"; };
		542986082BAADC0F0025CE7B /* FilterBottomSheetPresenter.swift */ = {isa = PBXFileReference; lastKnownFileType = sourcecode.swift; path = FilterBottomSheetPresenter.swift; sourceTree = "<group>"; };
		5429860A2BAADC2D0025CE7B /* FilterBottomSheetModel.swift */ = {isa = PBXFileReference; lastKnownFileType = sourcecode.swift; path = FilterBottomSheetModel.swift; sourceTree = "<group>"; };
		5429860C2BAAFE070025CE7B /* SortingOptionCell.swift */ = {isa = PBXFileReference; lastKnownFileType = sourcecode.swift; path = SortingOptionCell.swift; sourceTree = "<group>"; };
		545F610F2BADB56D008B5CC4 /* SectionHeaderView.swift */ = {isa = PBXFileReference; lastKnownFileType = sourcecode.swift; path = SectionHeaderView.swift; sourceTree = "<group>"; };
		549EF0892BA978B800C2B77D /* MainScreenViewController.swift */ = {isa = PBXFileReference; lastKnownFileType = sourcecode.swift; path = MainScreenViewController.swift; sourceTree = "<group>"; };
		549EF08B2BA978D800C2B77D /* MainScreenModel.swift */ = {isa = PBXFileReference; lastKnownFileType = sourcecode.swift; path = MainScreenModel.swift; sourceTree = "<group>"; };
		549EF08D2BA978E700C2B77D /* MainScreenPresenter.swift */ = {isa = PBXFileReference; lastKnownFileType = sourcecode.swift; path = MainScreenPresenter.swift; sourceTree = "<group>"; };
		54D1D9EE2BADE4C60057E3C8 /* NotFindIView.swift */ = {isa = PBXFileReference; lastKnownFileType = sourcecode.swift; path = NotFindIView.swift; sourceTree = "<group>"; };
		54D1D9F12BADE79E0057E3C8 /* AppColors.swift */ = {isa = PBXFileReference; lastKnownFileType = sourcecode.swift; path = AppColors.swift; sourceTree = "<group>"; };
		54D81FC32BA983AE000300D0 /* DepartmentCell.swift */ = {isa = PBXFileReference; lastKnownFileType = sourcecode.swift; path = DepartmentCell.swift; sourceTree = "<group>"; };
		54D81FC52BA9C323000300D0 /* NetworkService.swift */ = {isa = PBXFileReference; lastKnownFileType = sourcecode.swift; path = NetworkService.swift; sourceTree = "<group>"; };
		54D81FC82BA9C4CA000300D0 /* Employee.swift */ = {isa = PBXFileReference; lastKnownFileType = sourcecode.swift; path = Employee.swift; sourceTree = "<group>"; };
		54F47EE32BA96F6600F7F30E /* Koder.app */ = {isa = PBXFileReference; explicitFileType = wrapper.application; includeInIndex = 0; path = Koder.app; sourceTree = BUILT_PRODUCTS_DIR; };
		54F47EE62BA96F6600F7F30E /* AppDelegate.swift */ = {isa = PBXFileReference; lastKnownFileType = sourcecode.swift; path = AppDelegate.swift; sourceTree = "<group>"; };
		54F47EE82BA96F6600F7F30E /* SceneDelegate.swift */ = {isa = PBXFileReference; lastKnownFileType = sourcecode.swift; path = SceneDelegate.swift; sourceTree = "<group>"; };
		54F47EEF2BA96F6800F7F30E /* Assets.xcassets */ = {isa = PBXFileReference; lastKnownFileType = folder.assetcatalog; path = Assets.xcassets; sourceTree = "<group>"; };
		54F47EF22BA96F6800F7F30E /* Base */ = {isa = PBXFileReference; lastKnownFileType = file.storyboard; name = Base; path = Base.lproj/LaunchScreen.storyboard; sourceTree = "<group>"; };
		54F47EF42BA96F6800F7F30E /* Info.plist */ = {isa = PBXFileReference; lastKnownFileType = text.plist.xml; path = Info.plist; sourceTree = "<group>"; };
/* End PBXFileReference section */

/* Begin PBXFrameworksBuildPhase section */
		54F47EE02BA96F6600F7F30E /* Frameworks */ = {
			isa = PBXFrameworksBuildPhase;
			buildActionMask = 2147483647;
			files = (
				5438A89E2BAD690200C2632E /* SkeletonView in Frameworks */,
				54641B0D2BADED2D00776951 /* SnapKit in Frameworks */,
				5438A8A32BAD692900C2632E /* SDWebImageMapKit in Frameworks */,
				5438A8A12BAD692900C2632E /* SDWebImage in Frameworks */,
			);
			runOnlyForDeploymentPostprocessing = 0;
		};
/* End PBXFrameworksBuildPhase section */

/* Begin PBXGroup section */
		542985FB2BA9D8010025CE7B /* Cells */ = {
			isa = PBXGroup;
			children = (
				54D81FC32BA983AE000300D0 /* DepartmentCell.swift */,
				542985FC2BA9D85E0025CE7B /* EmployeeTableViewCell.swift */,
			);
			path = Cells;
			sourceTree = "<group>";
		};
		542986042BA9F4000025CE7B /* EmployeeDetailsScreenModule */ = {
			isa = PBXGroup;
			children = (
				542985FE2BA9F3470025CE7B /* EmployeeDetailsScreenViewController.swift */,
				542986002BA9F3570025CE7B /* EmployeeDetailsScreenPresenter.swift */,
				542986022BA9F3650025CE7B /* EmployeeDetailsScreenModel.swift */,
			);
			path = EmployeeDetailsScreenModule;
			sourceTree = "<group>";
		};
		542986072BAADB310025CE7B /* FilterBottomSheetModule */ = {
			isa = PBXGroup;
			children = (
				54641B122BADF66A00776951 /* Cells */,
				542986052BAAD43E0025CE7B /* FilterBottomSheetViewController.swift */,
				542986082BAADC0F0025CE7B /* FilterBottomSheetPresenter.swift */,
				5429860A2BAADC2D0025CE7B /* FilterBottomSheetModel.swift */,
			);
			path = FilterBottomSheetModule;
			sourceTree = "<group>";
		};
		545F610D2BAD73E4008B5CC4 /* FatalErrorScreenModule */ = {
			isa = PBXGroup;
			children = (
				5427D9972BAC8D9F001959F5 /* FatalErrorViewController.swift */,
			);
			path = FatalErrorScreenModule;
			sourceTree = "<group>";
		};
		545F610E2BADB560008B5CC4 /* Views */ = {
			isa = PBXGroup;
			children = (
				545F610F2BADB56D008B5CC4 /* SectionHeaderView.swift */,
				54D1D9EE2BADE4C60057E3C8 /* NotFindIView.swift */,
			);
			path = Views;
			sourceTree = "<group>";
		};
		54641B122BADF66A00776951 /* Cells */ = {
			isa = PBXGroup;
			children = (
				5429860C2BAAFE070025CE7B /* SortingOptionCell.swift */,
			);
			path = Cells;
			sourceTree = "<group>";
		};
		549EF0882BA9788500C2B77D /* MainScreenModule */ = {
			isa = PBXGroup;
			children = (
				545F610E2BADB560008B5CC4 /* Views */,
				542985FB2BA9D8010025CE7B /* Cells */,
				549EF0892BA978B800C2B77D /* MainScreenViewController.swift */,
				549EF08B2BA978D800C2B77D /* MainScreenModel.swift */,
				549EF08D2BA978E700C2B77D /* MainScreenPresenter.swift */,
			);
			path = MainScreenModule;
			sourceTree = "<group>";
		};
		54D1D9F02BADE7880057E3C8 /* Common_UI */ = {
			isa = PBXGroup;
			children = (
				54D1D9F12BADE79E0057E3C8 /* AppColors.swift */,
			);
			path = Common_UI;
			sourceTree = "<group>";
		};
		54D81FC72BA9C329000300D0 /* NetworkService */ = {
			isa = PBXGroup;
			children = (
				54D81FC52BA9C323000300D0 /* NetworkService.swift */,
				54D81FC82BA9C4CA000300D0 /* Employee.swift */,
			);
			path = NetworkService;
			sourceTree = "<group>";
		};
		54F47EDA2BA96F6600F7F30E = {
			isa = PBXGroup;
			children = (
				54F47EE52BA96F6600F7F30E /* Koder */,
				54F47EE42BA96F6600F7F30E /* Products */,
			);
			sourceTree = "<group>";
		};
		54F47EE42BA96F6600F7F30E /* Products */ = {
			isa = PBXGroup;
			children = (
				54F47EE32BA96F6600F7F30E /* Koder.app */,
			);
			name = Products;
			sourceTree = "<group>";
		};
		54F47EE52BA96F6600F7F30E /* Koder */ = {
			isa = PBXGroup;
			children = (
				54D1D9F02BADE7880057E3C8 /* Common_UI */,
				545F610D2BAD73E4008B5CC4 /* FatalErrorScreenModule */,
				542986072BAADB310025CE7B /* FilterBottomSheetModule */,
				542986042BA9F4000025CE7B /* EmployeeDetailsScreenModule */,
				54D81FC72BA9C329000300D0 /* NetworkService */,
				549EF0882BA9788500C2B77D /* MainScreenModule */,
				54F47EE62BA96F6600F7F30E /* AppDelegate.swift */,
				54F47EE82BA96F6600F7F30E /* SceneDelegate.swift */,
				54F47EEF2BA96F6800F7F30E /* Assets.xcassets */,
				54F47EF12BA96F6800F7F30E /* LaunchScreen.storyboard */,
				54F47EF42BA96F6800F7F30E /* Info.plist */,
			);
			path = Koder;
			sourceTree = "<group>";
		};
/* End PBXGroup section */

/* Begin PBXNativeTarget section */
		54F47EE22BA96F6600F7F30E /* Koder */ = {
			isa = PBXNativeTarget;
			buildConfigurationList = 54F47EF72BA96F6800F7F30E /* Build configuration list for PBXNativeTarget "Koder" */;
			buildPhases = (
				54F47EDF2BA96F6600F7F30E /* Sources */,
				54F47EE02BA96F6600F7F30E /* Frameworks */,
				54F47EE12BA96F6600F7F30E /* Resources */,
				54641B112BADEDD700776951 /* Embed Frameworks */,
			);
			buildRules = (
			);
			dependencies = (
			);
			name = Koder;
			packageProductDependencies = (
				5438A89D2BAD690200C2632E /* SkeletonView */,
				5438A8A02BAD692900C2632E /* SDWebImage */,
				5438A8A22BAD692900C2632E /* SDWebImageMapKit */,
				54641B0C2BADED2D00776951 /* SnapKit */,
			);
			productName = Koder;
			productReference = 54F47EE32BA96F6600F7F30E /* Koder.app */;
			productType = "com.apple.product-type.application";
		};
/* End PBXNativeTarget section */

/* Begin PBXProject section */
		54F47EDB2BA96F6600F7F30E /* Project object */ = {
			isa = PBXProject;
			attributes = {
				BuildIndependentTargetsInParallel = 1;
				LastSwiftUpdateCheck = 1520;
				LastUpgradeCheck = 1520;
				TargetAttributes = {
					54F47EE22BA96F6600F7F30E = {
						CreatedOnToolsVersion = 15.2;
					};
				};
			};
			buildConfigurationList = 54F47EDE2BA96F6600F7F30E /* Build configuration list for PBXProject "Koder" */;
			compatibilityVersion = "Xcode 14.0";
			developmentRegion = en;
			hasScannedForEncodings = 0;
			knownRegions = (
				en,
				Base,
			);
			mainGroup = 54F47EDA2BA96F6600F7F30E;
			packageReferences = (
				5438A89C2BAD690200C2632E /* XCRemoteSwiftPackageReference "SkeletonView" */,
				5438A89F2BAD692900C2632E /* XCRemoteSwiftPackageReference "SDWebImage" */,
				54641B0B2BADED2D00776951 /* XCRemoteSwiftPackageReference "SnapKit" */,
			);
			productRefGroup = 54F47EE42BA96F6600F7F30E /* Products */;
			projectDirPath = "";
			projectRoot = "";
			targets = (
				54F47EE22BA96F6600F7F30E /* Koder */,
			);
		};
/* End PBXProject section */

/* Begin PBXResourcesBuildPhase section */
		54F47EE12BA96F6600F7F30E /* Resources */ = {
			isa = PBXResourcesBuildPhase;
			buildActionMask = 2147483647;
			files = (
				54F47EF32BA96F6800F7F30E /* LaunchScreen.storyboard in Resources */,
				54F47EF02BA96F6800F7F30E /* Assets.xcassets in Resources */,
			);
			runOnlyForDeploymentPostprocessing = 0;
		};
/* End PBXResourcesBuildPhase section */

/* Begin PBXSourcesBuildPhase section */
		54F47EDF2BA96F6600F7F30E /* Sources */ = {
			isa = PBXSourcesBuildPhase;
			buildActionMask = 2147483647;
			files = (
				549EF08A2BA978B800C2B77D /* MainScreenViewController.swift in Sources */,
				5429860D2BAAFE070025CE7B /* SortingOptionCell.swift in Sources */,
				5429860B2BAADC2D0025CE7B /* FilterBottomSheetModel.swift in Sources */,
				542986012BA9F3570025CE7B /* EmployeeDetailsScreenPresenter.swift in Sources */,
				54D81FC92BA9C4CA000300D0 /* Employee.swift in Sources */,
				5427D9982BAC8D9F001959F5 /* FatalErrorViewController.swift in Sources */,
				54D81FC42BA983AE000300D0 /* DepartmentCell.swift in Sources */,
				54D1D9EF2BADE4C60057E3C8 /* NotFindIView.swift in Sources */,
				549EF08C2BA978D800C2B77D /* MainScreenModel.swift in Sources */,
				54F47EE72BA96F6600F7F30E /* AppDelegate.swift in Sources */,
				542985FD2BA9D85E0025CE7B /* EmployeeTableViewCell.swift in Sources */,
				54F47EE92BA96F6600F7F30E /* SceneDelegate.swift in Sources */,
				542986032BA9F3650025CE7B /* EmployeeDetailsScreenModel.swift in Sources */,
				54D1D9F22BADE79E0057E3C8 /* AppColors.swift in Sources */,
				549EF08E2BA978E700C2B77D /* MainScreenPresenter.swift in Sources */,
				545F61102BADB56D008B5CC4 /* SectionHeaderView.swift in Sources */,
				542986062BAAD43E0025CE7B /* FilterBottomSheetViewController.swift in Sources */,
				54D81FC62BA9C323000300D0 /* NetworkService.swift in Sources */,
				542986092BAADC0F0025CE7B /* FilterBottomSheetPresenter.swift in Sources */,
				542985FF2BA9F3470025CE7B /* EmployeeDetailsScreenViewController.swift in Sources */,
			);
			runOnlyForDeploymentPostprocessing = 0;
		};
/* End PBXSourcesBuildPhase section */

/* Begin PBXVariantGroup section */
		54F47EF12BA96F6800F7F30E /* LaunchScreen.storyboard */ = {
			isa = PBXVariantGroup;
			children = (
				54F47EF22BA96F6800F7F30E /* Base */,
			);
			name = LaunchScreen.storyboard;
			sourceTree = "<group>";
		};
/* End PBXVariantGroup section */

/* Begin XCBuildConfiguration section */
		54F47EF52BA96F6800F7F30E /* Debug */ = {
			isa = XCBuildConfiguration;
			buildSettings = {
				ALWAYS_SEARCH_USER_PATHS = NO;
				ASSETCATALOG_COMPILER_GENERATE_SWIFT_ASSET_SYMBOL_EXTENSIONS = YES;
				CLANG_ANALYZER_NONNULL = YES;
				CLANG_ANALYZER_NUMBER_OBJECT_CONVERSION = YES_AGGRESSIVE;
				CLANG_CXX_LANGUAGE_STANDARD = "gnu++20";
				CLANG_ENABLE_MODULES = YES;
				CLANG_ENABLE_OBJC_ARC = YES;
				CLANG_ENABLE_OBJC_WEAK = YES;
				CLANG_WARN_BLOCK_CAPTURE_AUTORELEASING = YES;
				CLANG_WARN_BOOL_CONVERSION = YES;
				CLANG_WARN_COMMA = YES;
				CLANG_WARN_CONSTANT_CONVERSION = YES;
				CLANG_WARN_DEPRECATED_OBJC_IMPLEMENTATIONS = YES;
				CLANG_WARN_DIRECT_OBJC_ISA_USAGE = YES_ERROR;
				CLANG_WARN_DOCUMENTATION_COMMENTS = YES;
				CLANG_WARN_EMPTY_BODY = YES;
				CLANG_WARN_ENUM_CONVERSION = YES;
				CLANG_WARN_INFINITE_RECURSION = YES;
				CLANG_WARN_INT_CONVERSION = YES;
				CLANG_WARN_NON_LITERAL_NULL_CONVERSION = YES;
				CLANG_WARN_OBJC_IMPLICIT_RETAIN_SELF = YES;
				CLANG_WARN_OBJC_LITERAL_CONVERSION = YES;
				CLANG_WARN_OBJC_ROOT_CLASS = YES_ERROR;
				CLANG_WARN_QUOTED_INCLUDE_IN_FRAMEWORK_HEADER = YES;
				CLANG_WARN_RANGE_LOOP_ANALYSIS = YES;
				CLANG_WARN_STRICT_PROTOTYPES = YES;
				CLANG_WARN_SUSPICIOUS_MOVE = YES;
				CLANG_WARN_UNGUARDED_AVAILABILITY = YES_AGGRESSIVE;
				CLANG_WARN_UNREACHABLE_CODE = YES;
				CLANG_WARN__DUPLICATE_METHOD_MATCH = YES;
				COPY_PHASE_STRIP = NO;
				DEBUG_INFORMATION_FORMAT = dwarf;
				ENABLE_STRICT_OBJC_MSGSEND = YES;
				ENABLE_TESTABILITY = YES;
				ENABLE_USER_SCRIPT_SANDBOXING = YES;
				GCC_C_LANGUAGE_STANDARD = gnu17;
				GCC_DYNAMIC_NO_PIC = NO;
				GCC_NO_COMMON_BLOCKS = YES;
				GCC_OPTIMIZATION_LEVEL = 0;
				GCC_PREPROCESSOR_DEFINITIONS = (
					"DEBUG=1",
					"$(inherited)",
				);
				GCC_WARN_64_TO_32_BIT_CONVERSION = YES;
				GCC_WARN_ABOUT_RETURN_TYPE = YES_ERROR;
				GCC_WARN_UNDECLARED_SELECTOR = YES;
				GCC_WARN_UNINITIALIZED_AUTOS = YES_AGGRESSIVE;
				GCC_WARN_UNUSED_FUNCTION = YES;
				GCC_WARN_UNUSED_VARIABLE = YES;
				IPHONEOS_DEPLOYMENT_TARGET = 17.2;
				LOCALIZATION_PREFERS_STRING_CATALOGS = YES;
				MTL_ENABLE_DEBUG_INFO = INCLUDE_SOURCE;
				MTL_FAST_MATH = YES;
				ONLY_ACTIVE_ARCH = YES;
				SDKROOT = iphoneos;
				SWIFT_ACTIVE_COMPILATION_CONDITIONS = "DEBUG $(inherited)";
				SWIFT_OPTIMIZATION_LEVEL = "-Onone";
			};
			name = Debug;
		};
		54F47EF62BA96F6800F7F30E /* Release */ = {
			isa = XCBuildConfiguration;
			buildSettings = {
				ALWAYS_SEARCH_USER_PATHS = NO;
				ASSETCATALOG_COMPILER_GENERATE_SWIFT_ASSET_SYMBOL_EXTENSIONS = YES;
				CLANG_ANALYZER_NONNULL = YES;
				CLANG_ANALYZER_NUMBER_OBJECT_CONVERSION = YES_AGGRESSIVE;
				CLANG_CXX_LANGUAGE_STANDARD = "gnu++20";
				CLANG_ENABLE_MODULES = YES;
				CLANG_ENABLE_OBJC_ARC = YES;
				CLANG_ENABLE_OBJC_WEAK = YES;
				CLANG_WARN_BLOCK_CAPTURE_AUTORELEASING = YES;
				CLANG_WARN_BOOL_CONVERSION = YES;
				CLANG_WARN_COMMA = YES;
				CLANG_WARN_CONSTANT_CONVERSION = YES;
				CLANG_WARN_DEPRECATED_OBJC_IMPLEMENTATIONS = YES;
				CLANG_WARN_DIRECT_OBJC_ISA_USAGE = YES_ERROR;
				CLANG_WARN_DOCUMENTATION_COMMENTS = YES;
				CLANG_WARN_EMPTY_BODY = YES;
				CLANG_WARN_ENUM_CONVERSION = YES;
				CLANG_WARN_INFINITE_RECURSION = YES;
				CLANG_WARN_INT_CONVERSION = YES;
				CLANG_WARN_NON_LITERAL_NULL_CONVERSION = YES;
				CLANG_WARN_OBJC_IMPLICIT_RETAIN_SELF = YES;
				CLANG_WARN_OBJC_LITERAL_CONVERSION = YES;
				CLANG_WARN_OBJC_ROOT_CLASS = YES_ERROR;
				CLANG_WARN_QUOTED_INCLUDE_IN_FRAMEWORK_HEADER = YES;
				CLANG_WARN_RANGE_LOOP_ANALYSIS = YES;
				CLANG_WARN_STRICT_PROTOTYPES = YES;
				CLANG_WARN_SUSPICIOUS_MOVE = YES;
				CLANG_WARN_UNGUARDED_AVAILABILITY = YES_AGGRESSIVE;
				CLANG_WARN_UNREACHABLE_CODE = YES;
				CLANG_WARN__DUPLICATE_METHOD_MATCH = YES;
				COPY_PHASE_STRIP = NO;
				DEBUG_INFORMATION_FORMAT = "dwarf-with-dsym";
				ENABLE_NS_ASSERTIONS = NO;
				ENABLE_STRICT_OBJC_MSGSEND = YES;
				ENABLE_USER_SCRIPT_SANDBOXING = YES;
				GCC_C_LANGUAGE_STANDARD = gnu17;
				GCC_NO_COMMON_BLOCKS = YES;
				GCC_WARN_64_TO_32_BIT_CONVERSION = YES;
				GCC_WARN_ABOUT_RETURN_TYPE = YES_ERROR;
				GCC_WARN_UNDECLARED_SELECTOR = YES;
				GCC_WARN_UNINITIALIZED_AUTOS = YES_AGGRESSIVE;
				GCC_WARN_UNUSED_FUNCTION = YES;
				GCC_WARN_UNUSED_VARIABLE = YES;
				IPHONEOS_DEPLOYMENT_TARGET = 17.2;
				LOCALIZATION_PREFERS_STRING_CATALOGS = YES;
				MTL_ENABLE_DEBUG_INFO = NO;
				MTL_FAST_MATH = YES;
				SDKROOT = iphoneos;
				SWIFT_COMPILATION_MODE = wholemodule;
				VALIDATE_PRODUCT = YES;
			};
			name = Release;
		};
		54F47EF82BA96F6800F7F30E /* Debug */ = {
			isa = XCBuildConfiguration;
			buildSettings = {
				ASSETCATALOG_COMPILER_APPICON_NAME = AppIcon;
				ASSETCATALOG_COMPILER_GLOBAL_ACCENT_COLOR_NAME = AccentColor;
				CODE_SIGN_STYLE = Automatic;
				CURRENT_PROJECT_VERSION = 1;
				DEVELOPMENT_TEAM = JX83P862UK;
				GENERATE_INFOPLIST_FILE = YES;
				INFOPLIST_FILE = Koder/Info.plist;
				INFOPLIST_KEY_UIApplicationSupportsIndirectInputEvents = YES;
				INFOPLIST_KEY_UILaunchStoryboardName = LaunchScreen;
				INFOPLIST_KEY_UISupportedInterfaceOrientations_iPad = "UIInterfaceOrientationPortrait UIInterfaceOrientationPortraitUpsideDown UIInterfaceOrientationLandscapeLeft UIInterfaceOrientationLandscapeRight";
				INFOPLIST_KEY_UISupportedInterfaceOrientations_iPhone = "UIInterfaceOrientationPortrait UIInterfaceOrientationLandscapeLeft UIInterfaceOrientationLandscapeRight";
				IPHONEOS_DEPLOYMENT_TARGET = 15.0;
				LD_RUNPATH_SEARCH_PATHS = (
					"$(inherited)",
					"@executable_path/Frameworks",
				);
				MARKETING_VERSION = 1.0;
				PRODUCT_BUNDLE_IDENTIFIER = AnastasizZdobnova.Koder;
				PRODUCT_NAME = "$(TARGET_NAME)";
				SUPPORTED_PLATFORMS = "iphoneos iphonesimulator";
				SUPPORTS_MACCATALYST = NO;
				SUPPORTS_MAC_DESIGNED_FOR_IPHONE_IPAD = NO;
				SUPPORTS_XR_DESIGNED_FOR_IPHONE_IPAD = NO;
				SWIFT_EMIT_LOC_STRINGS = YES;
				SWIFT_VERSION = 5.0;
				TARGETED_DEVICE_FAMILY = 1;
			};
			name = Debug;
		};
		54F47EF92BA96F6800F7F30E /* Release */ = {
			isa = XCBuildConfiguration;
			buildSettings = {
				ASSETCATALOG_COMPILER_APPICON_NAME = AppIcon;
				ASSETCATALOG_COMPILER_GLOBAL_ACCENT_COLOR_NAME = AccentColor;
				CODE_SIGN_STYLE = Automatic;
				CURRENT_PROJECT_VERSION = 1;
				DEVELOPMENT_TEAM = JX83P862UK;
				GENERATE_INFOPLIST_FILE = YES;
				INFOPLIST_FILE = Koder/Info.plist;
				INFOPLIST_KEY_UIApplicationSupportsIndirectInputEvents = YES;
				INFOPLIST_KEY_UILaunchStoryboardName = LaunchScreen;
				INFOPLIST_KEY_UISupportedInterfaceOrientations_iPad = "UIInterfaceOrientationPortrait UIInterfaceOrientationPortraitUpsideDown UIInterfaceOrientationLandscapeLeft UIInterfaceOrientationLandscapeRight";
				INFOPLIST_KEY_UISupportedInterfaceOrientations_iPhone = "UIInterfaceOrientationPortrait UIInterfaceOrientationLandscapeLeft UIInterfaceOrientationLandscapeRight";
				IPHONEOS_DEPLOYMENT_TARGET = 15.0;
				LD_RUNPATH_SEARCH_PATHS = (
					"$(inherited)",
					"@executable_path/Frameworks",
				);
				MARKETING_VERSION = 1.0;
				PRODUCT_BUNDLE_IDENTIFIER = AnastasizZdobnova.Koder;
				PRODUCT_NAME = "$(TARGET_NAME)";
				SUPPORTED_PLATFORMS = "iphoneos iphonesimulator";
				SUPPORTS_MACCATALYST = NO;
				SUPPORTS_MAC_DESIGNED_FOR_IPHONE_IPAD = NO;
				SUPPORTS_XR_DESIGNED_FOR_IPHONE_IPAD = NO;
				SWIFT_EMIT_LOC_STRINGS = YES;
				SWIFT_VERSION = 5.0;
				TARGETED_DEVICE_FAMILY = 1;
			};
			name = Release;
		};
/* End XCBuildConfiguration section */

/* Begin XCConfigurationList section */
		54F47EDE2BA96F6600F7F30E /* Build configuration list for PBXProject "Koder" */ = {
			isa = XCConfigurationList;
			buildConfigurations = (
				54F47EF52BA96F6800F7F30E /* Debug */,
				54F47EF62BA96F6800F7F30E /* Release */,
			);
			defaultConfigurationIsVisible = 0;
			defaultConfigurationName = Release;
		};
		54F47EF72BA96F6800F7F30E /* Build configuration list for PBXNativeTarget "Koder" */ = {
			isa = XCConfigurationList;
			buildConfigurations = (
				54F47EF82BA96F6800F7F30E /* Debug */,
				54F47EF92BA96F6800F7F30E /* Release */,
			);
			defaultConfigurationIsVisible = 0;
			defaultConfigurationName = Release;
		};
/* End XCConfigurationList section */

/* Begin XCRemoteSwiftPackageReference section */
		5438A89C2BAD690200C2632E /* XCRemoteSwiftPackageReference "SkeletonView" */ = {
			isa = XCRemoteSwiftPackageReference;
			repositoryURL = "https://github.com/Juanpe/SkeletonView.git";
			requirement = {
				kind = upToNextMajorVersion;
				minimumVersion = 1.30.4;
			};
		};
		5438A89F2BAD692900C2632E /* XCRemoteSwiftPackageReference "SDWebImage" */ = {
			isa = XCRemoteSwiftPackageReference;
			repositoryURL = "https://github.com/SDWebImage/SDWebImage";
			requirement = {
				kind = upToNextMajorVersion;
				minimumVersion = 5.19.0;
			};
		};
		54641B0B2BADED2D00776951 /* XCRemoteSwiftPackageReference "SnapKit" */ = {
			isa = XCRemoteSwiftPackageReference;
			repositoryURL = "https://github.com/SnapKit/SnapKit";
			requirement = {
				kind = upToNextMajorVersion;
				minimumVersion = 5.7.1;
			};
		};
/* End XCRemoteSwiftPackageReference section */

/* Begin XCSwiftPackageProductDependency section */
		5438A89D2BAD690200C2632E /* SkeletonView */ = {
			isa = XCSwiftPackageProductDependency;
			package = 5438A89C2BAD690200C2632E /* XCRemoteSwiftPackageReference "SkeletonView" */;
			productName = SkeletonView;
		};
		5438A8A02BAD692900C2632E /* SDWebImage */ = {
			isa = XCSwiftPackageProductDependency;
			package = 5438A89F2BAD692900C2632E /* XCRemoteSwiftPackageReference "SDWebImage" */;
			productName = SDWebImage;
		};
		5438A8A22BAD692900C2632E /* SDWebImageMapKit */ = {
			isa = XCSwiftPackageProductDependency;
			package = 5438A89F2BAD692900C2632E /* XCRemoteSwiftPackageReference "SDWebImage" */;
			productName = SDWebImageMapKit;
		};
		54641B0C2BADED2D00776951 /* SnapKit */ = {
			isa = XCSwiftPackageProductDependency;
			package = 54641B0B2BADED2D00776951 /* XCRemoteSwiftPackageReference "SnapKit" */;
			productName = SnapKit;
		};
/* End XCSwiftPackageProductDependency section */
	};
	rootObject = 54F47EDB2BA96F6600F7F30E /* Project object */;
}
